
Microsoft Visual Studio Solution File, Format Version 12.00
# Visual Studio 15
VisualStudioVersion = 15.0.36324.19
MinimumVisualStudioVersion = 10.0.40219.1
Project("{8BC9CEB8-8B4A-11D0-8D11-00A0C91BC942}") = "test1", "test1\test1.vcxproj", "{96332658-7ABD-444F-BAD6-307F42D667D7}"
EndProject
Project("{8BC9CEB8-8B4A-11D0-8D11-00A0C91BC942}") = "test2", "test2\test2.vcxproj", "{04596B8A-636A-4ADF-9531-847E3C062F08}"
EndProject
Project("{8BC9CEB8-8B4A-11D0-8D11-00A0C91BC942}") = "test3(Coordinate recording)", "test3(Coordinate recording)\test3(Coordinate recording).vcxproj", "{311DF058-9432-4BBC-ACCD-19C8F90D15DD}"
EndProject
Project("{8BC9CEB8-8B4A-11D0-8D11-00A0C91BC942}") = "test5(Coordinate recording visualization 3D)", "test5(Coordinate recording visualization 3D)\test5(Coordinate recording visualization 3D).vcxproj", "{4CDEDCE5-2796-4669-B4F7-C9047E6DD826}"
EndProject
Project("{8BC9CEB8-8B4A-11D0-8D11-00A0C91BC942}") = "test4(Coordinate recording visualization 2D)", "test4(Coordinate recording visualization 2D)\test4(Coordinate recording visualization 2D).vcxproj", "{E72FDD5D-4E2A-465E-97AD-3C2AA41E730D}"
EndProject
Project("{8BC9CEB8-8B4A-11D0-8D11-00A0C91BC942}") = "test6(Touch_communication_server)", "test6(Touch_communication_server)\test6(Touch_communication_server).vcxproj", "{2E1178B9-D386-4556-9528-CDD6850E4917}"
EndProject
Project("{8BC9CEB8-8B4A-11D0-8D11-00A0C91BC942}") = "test6(Touch_communication_client)", "test6(Touch_communication_client)\test6(Touch_communication_client).vcxproj", "{B878AC55-6B62-45A0-BCBB-DCD5B4263F4B}"
EndProject
Project("{8BC9CEB8-8B4A-11D0-8D11-00A0C91BC942}") = "test7(Touch_RoboticArm_Commu_Server)", "test7(Touch_RoboticArm_Commu_Server)\test7(Touch_RoboticArm_Commu_Server).vcxproj", "{9ADE9BC7-60CC-4EE5-9E60-B40A93DC5987}"
EndProject
Project("{8BC9CEB8-8B4A-11D0-8D11-00A0C91BC942}") = "test7(Touch_RoboticArm_Commu_Client)", "test7(Touch_RoboticArm_Commu_Client)\test7(Touch_RoboticArm_Commu_Client).vcxproj", "{3D6B39E1-92D7-490D-B0FF-2F2ADEAAA09B}"
EndProject
Project("{8BC9CEB8-8B4A-11D0-8D11-00A0C91BC942}") = "test6.1(Touch_realtime_coordinate_client)", "test6.1(Touch_realtime_coordinate_client)\test6.1(Touch_realtime_coordinate_client).vcxproj", "{5A39279A-2800-4C3F-A34A-07FDE4F8A70A}"
EndProject
Project("{8BC9CEB8-8B4A-11D0-8D11-00A0C91BC942}") = "test6.2(Touch_relative_coordinate_client)", "test6.2(Touch_relative_coordinate_client)\test6.2(Touch_relative_coordinate_client).vcxproj", "{F37D110C-7FCB-4AA2-85C8-E00EC53B26D8}"
EndProject
Project("{8BC9CEB8-8B4A-11D0-8D11-00A0C91BC942}") = "test6.2(Touch_relative_coordinate_server)", "test6.2(Touch_relative_coordinate_server)\test6.2(Touch_relative_coordinate_server).vcxproj", "{6E7F69C2-C3C1-423D-B42F-ADCF33F4DDC2}"
EndProject
Project("{8BC9CEB8-8B4A-11D0-8D11-00A0C91BC942}") = "test7.1(control_DOBOT)", "test7.1(control_DOBOT)\test7.1(control_DOBOT).vcxproj", "{B73DF47B-4059-4366-875C-84EE45D106E3}"
EndProject
Project("{8BC9CEB8-8B4A-11D0-8D11-00A0C91BC942}") = "test7.2(Touch_RoboticArm_relative_coordinate_Client)", "test7.2(Touch_RoboticArm_relative_coordinate_Client)\test7.2(Touch_RoboticArm_relative_coordinate_Client).vcxproj", "{6CB7D7D9-F44D-4546-9B00-08A00D865085}"
EndProject
Project("{8BC9CEB8-8B4A-11D0-8D11-00A0C91BC942}") = "test7.3(Touch_RoboticArm_realtime_coordinate_Client)", "test7.3(Touch_RoboticArm_realtime_coordinate_Client)\test7.3(Touch_RoboticArm_realtime_coordinate_Client).vcxproj", "{BC44ECB9-A2F5-41EC-9FA7-9CCADB5D9F9F}"
EndProject
Project("{8BC9CEB8-8B4A-11D0-8D11-00A0C91BC942}") = "test6.1(Touch_realtime_coordinate_server)", "test6.1(Touch_realtime_coordinate_server)\test6.1(Touch_realtime_coordinate_server).vcxproj", "{2BAA262F-10DF-439F-9758-7A024C5AA14E}"
EndProject
Project("{8BC9CEB8-8B4A-11D0-8D11-00A0C91BC942}") = "test8.1(Touch_RoboticArm_relative_coordinate_Client_Network)", "test8.1(Touch_RoboticArm_relative_coordinate_Client_Network)\test8.1(Touch_RoboticArm_relative_coordinate_Client_Network).vcxproj", "{78B6228D-E398-4B29-A8F4-C6A727533E22}"
EndProject
Project("{8BC9CEB8-8B4A-11D0-8D11-00A0C91BC942}") = "test8.2(Touch_RoboticArm_realtime_coordinate_Client_Network)", "test8.2(Touch_RoboticArm_realtime_coordinate_Client_Network)\test8.2(Touch_RoboticArm_realtime_coordinate_Client_Network).vcxproj", "{F238E5D5-1639-44FE-9C46-F754B4B0F6BD}"
EndProject
Project("{8BC9CEB8-8B4A-11D0-8D11-00A0C91BC942}") = "test8.3", "test8.3\test8.3.vcxproj", "{61E199A3-C663-4EE6-9738-DB003D1A77AC}"
EndProject
Global
	GlobalSection(SolutionConfigurationPlatforms) = preSolution
		Debug|x64 = Debug|x64
		Debug|x86 = Debug|x86
		Release|x64 = Release|x64
		Release|x86 = Release|x86
	EndGlobalSection
	GlobalSection(ProjectConfigurationPlatforms) = postSolution
		{96332658-7ABD-444F-BAD6-307F42D667D7}.Debug|x64.ActiveCfg = Debug|x64
		{96332658-7ABD-444F-BAD6-307F42D667D7}.Debug|x64.Build.0 = Debug|x64
		{96332658-7ABD-444F-BAD6-307F42D667D7}.Debug|x86.ActiveCfg = Debug|Win32
		{96332658-7ABD-444F-BAD6-307F42D667D7}.Debug|x86.Build.0 = Debug|Win32
		{96332658-7ABD-444F-BAD6-307F42D667D7}.Release|x64.ActiveCfg = Release|x64
		{96332658-7ABD-444F-BAD6-307F42D667D7}.Release|x64.Build.0 = Release|x64
		{96332658-7ABD-444F-BAD6-307F42D667D7}.Release|x86.ActiveCfg = Release|Win32
		{96332658-7ABD-444F-BAD6-307F42D667D7}.Release|x86.Build.0 = Release|Win32
		{04596B8A-636A-4ADF-9531-847E3C062F08}.Debug|x64.ActiveCfg = Debug|x64
		{04596B8A-636A-4ADF-9531-847E3C062F08}.Debug|x64.Build.0 = Debug|x64
		{04596B8A-636A-4ADF-9531-847E3C062F08}.Debug|x86.ActiveCfg = Debug|Win32
		{04596B8A-636A-4ADF-9531-847E3C062F08}.Debug|x86.Build.0 = Debug|Win32
		{04596B8A-636A-4ADF-9531-847E3C062F08}.Release|x64.ActiveCfg = Release|x64
		{04596B8A-636A-4ADF-9531-847E3C062F08}.Release|x64.Build.0 = Release|x64
		{04596B8A-636A-4ADF-9531-847E3C062F08}.Release|x86.ActiveCfg = Release|Win32
		{04596B8A-636A-4ADF-9531-847E3C062F08}.Release|x86.Build.0 = Release|Win32
		{311DF058-9432-4BBC-ACCD-19C8F90D15DD}.Debug|x64.ActiveCfg = Debug|x64
		{311DF058-9432-4BBC-ACCD-19C8F90D15DD}.Debug|x64.Build.0 = Debug|x64
		{311DF058-9432-4BBC-ACCD-19C8F90D15DD}.Debug|x86.ActiveCfg = Debug|Win32
		{311DF058-9432-4BBC-ACCD-19C8F90D15DD}.Debug|x86.Build.0 = Debug|Win32
		{311DF058-9432-4BBC-ACCD-19C8F90D15DD}.Release|x64.ActiveCfg = Release|x64
		{311DF058-9432-4BBC-ACCD-19C8F90D15DD}.Release|x64.Build.0 = Release|x64
		{311DF058-9432-4BBC-ACCD-19C8F90D15DD}.Release|x86.ActiveCfg = Release|Win32
		{311DF058-9432-4BBC-ACCD-19C8F90D15DD}.Release|x86.Build.0 = Release|Win32
		{4CDEDCE5-2796-4669-B4F7-C9047E6DD826}.Debug|x64.ActiveCfg = Debug|x64
		{4CDEDCE5-2796-4669-B4F7-C9047E6DD826}.Debug|x64.Build.0 = Debug|x64
		{4CDEDCE5-2796-4669-B4F7-C9047E6DD826}.Debug|x86.ActiveCfg = Debug|Win32
		{4CDEDCE5-2796-4669-B4F7-C9047E6DD826}.Debug|x86.Build.0 = Debug|Win32
		{4CDEDCE5-2796-4669-B4F7-C9047E6DD826}.Release|x64.ActiveCfg = Release|x64
		{4CDEDCE5-2796-4669-B4F7-C9047E6DD826}.Release|x64.Build.0 = Release|x64
		{4CDEDCE5-2796-4669-B4F7-C9047E6DD826}.Release|x86.ActiveCfg = Release|Win32
		{4CDEDCE5-2796-4669-B4F7-C9047E6DD826}.Release|x86.Build.0 = Release|Win32
		{E72FDD5D-4E2A-465E-97AD-3C2AA41E730D}.Debug|x64.ActiveCfg = Debug|x64
		{E72FDD5D-4E2A-465E-97AD-3C2AA41E730D}.Debug|x64.Build.0 = Debug|x64
		{E72FDD5D-4E2A-465E-97AD-3C2AA41E730D}.Debug|x86.ActiveCfg = Debug|Win32
		{E72FDD5D-4E2A-465E-97AD-3C2AA41E730D}.Debug|x86.Build.0 = Debug|Win32
		{E72FDD5D-4E2A-465E-97AD-3C2AA41E730D}.Release|x64.ActiveCfg = Release|x64
		{E72FDD5D-4E2A-465E-97AD-3C2AA41E730D}.Release|x64.Build.0 = Release|x64
		{E72FDD5D-4E2A-465E-97AD-3C2AA41E730D}.Release|x86.ActiveCfg = Release|Win32
		{E72FDD5D-4E2A-465E-97AD-3C2AA41E730D}.Release|x86.Build.0 = Release|Win32
		{2E1178B9-D386-4556-9528-CDD6850E4917}.Debug|x64.ActiveCfg = Debug|x64
		{2E1178B9-D386-4556-9528-CDD6850E4917}.Debug|x64.Build.0 = Debug|x64
		{2E1178B9-D386-4556-9528-CDD6850E4917}.Debug|x86.ActiveCfg = Debug|Win32
		{2E1178B9-D386-4556-9528-CDD6850E4917}.Debug|x86.Build.0 = Debug|Win32
		{2E1178B9-D386-4556-9528-CDD6850E4917}.Release|x64.ActiveCfg = Release|x64
		{2E1178B9-D386-4556-9528-CDD6850E4917}.Release|x64.Build.0 = Release|x64
		{2E1178B9-D386-4556-9528-CDD6850E4917}.Release|x86.ActiveCfg = Release|Win32
		{2E1178B9-D386-4556-9528-CDD6850E4917}.Release|x86.Build.0 = Release|Win32
		{B878AC55-6B62-45A0-BCBB-DCD5B4263F4B}.Debug|x64.ActiveCfg = Debug|x64
		{B878AC55-6B62-45A0-BCBB-DCD5B4263F4B}.Debug|x64.Build.0 = Debug|x64
		{B878AC55-6B62-45A0-BCBB-DCD5B4263F4B}.Debug|x86.ActiveCfg = Debug|Win32
		{B878AC55-6B62-45A0-BCBB-DCD5B4263F4B}.Debug|x86.Build.0 = Debug|Win32
		{B878AC55-6B62-45A0-BCBB-DCD5B4263F4B}.Release|x64.ActiveCfg = Release|x64
		{B878AC55-6B62-45A0-BCBB-DCD5B4263F4B}.Release|x64.Build.0 = Release|x64
		{B878AC55-6B62-45A0-BCBB-DCD5B4263F4B}.Release|x86.ActiveCfg = Release|Win32
		{B878AC55-6B62-45A0-BCBB-DCD5B4263F4B}.Release|x86.Build.0 = Release|Win32
		{9ADE9BC7-60CC-4EE5-9E60-B40A93DC5987}.Debug|x64.ActiveCfg = Debug|x64
		{9ADE9BC7-60CC-4EE5-9E60-B40A93DC5987}.Debug|x64.Build.0 = Debug|x64
		{9ADE9BC7-60CC-4EE5-9E60-B40A93DC5987}.Debug|x86.ActiveCfg = Debug|Win32
		{9ADE9BC7-60CC-4EE5-9E60-B40A93DC5987}.Debug|x86.Build.0 = Debug|Win32
		{9ADE9BC7-60CC-4EE5-9E60-B40A93DC5987}.Release|x64.ActiveCfg = Release|x64
		{9ADE9BC7-60CC-4EE5-9E60-B40A93DC5987}.Release|x64.Build.0 = Release|x64
		{9ADE9BC7-60CC-4EE5-9E60-B40A93DC5987}.Release|x86.ActiveCfg = Release|Win32
		{9ADE9BC7-60CC-4EE5-9E60-B40A93DC5987}.Release|x86.Build.0 = Release|Win32
		{3D6B39E1-92D7-490D-B0FF-2F2ADEAAA09B}.Debug|x64.ActiveCfg = Debug|x64
		{3D6B39E1-92D7-490D-B0FF-2F2ADEAAA09B}.Debug|x64.Build.0 = Debug|x64
		{3D6B39E1-92D7-490D-B0FF-2F2ADEAAA09B}.Debug|x86.ActiveCfg = Debug|Win32
		{3D6B39E1-92D7-490D-B0FF-2F2ADEAAA09B}.Debug|x86.Build.0 = Debug|Win32
		{3D6B39E1-92D7-490D-B0FF-2F2ADEAAA09B}.Release|x64.ActiveCfg = Release|x64
		{3D6B39E1-92D7-490D-B0FF-2F2ADEAAA09B}.Release|x64.Build.0 = Release|x64
		{3D6B39E1-92D7-490D-B0FF-2F2ADEAAA09B}.Release|x86.ActiveCfg = Release|Win32
		{3D6B39E1-92D7-490D-B0FF-2F2ADEAAA09B}.Release|x86.Build.0 = Release|Win32
		{5A39279A-2800-4C3F-A34A-07FDE4F8A70A}.Debug|x64.ActiveCfg = Debug|x64
		{5A39279A-2800-4C3F-A34A-07FDE4F8A70A}.Debug|x64.Build.0 = Debug|x64
		{5A39279A-2800-4C3F-A34A-07FDE4F8A70A}.Debug|x86.ActiveCfg = Debug|Win32
		{5A39279A-2800-4C3F-A34A-07FDE4F8A70A}.Debug|x86.Build.0 = Debug|Win32
		{5A39279A-2800-4C3F-A34A-07FDE4F8A70A}.Release|x64.ActiveCfg = Release|x64
		{5A39279A-2800-4C3F-A34A-07FDE4F8A70A}.Release|x64.Build.0 = Release|x64
		{5A39279A-2800-4C3F-A34A-07FDE4F8A70A}.Release|x86.ActiveCfg = Release|Win32
		{5A39279A-2800-4C3F-A34A-07FDE4F8A70A}.Release|x86.Build.0 = Release|Win32
		{F37D110C-7FCB-4AA2-85C8-E00EC53B26D8}.Debug|x64.ActiveCfg = Debug|x64
		{F37D110C-7FCB-4AA2-85C8-E00EC53B26D8}.Debug|x64.Build.0 = Debug|x64
		{F37D110C-7FCB-4AA2-85C8-E00EC53B26D8}.Debug|x86.ActiveCfg = Debug|Win32
		{F37D110C-7FCB-4AA2-85C8-E00EC53B26D8}.Debug|x86.Build.0 = Debug|Win32
		{F37D110C-7FCB-4AA2-85C8-E00EC53B26D8}.Release|x64.ActiveCfg = Release|x64
		{F37D110C-7FCB-4AA2-85C8-E00EC53B26D8}.Release|x64.Build.0 = Release|x64
		{F37D110C-7FCB-4AA2-85C8-E00EC53B26D8}.Release|x86.ActiveCfg = Release|Win32
		{F37D110C-7FCB-4AA2-85C8-E00EC53B26D8}.Release|x86.Build.0 = Release|Win32
		{6E7F69C2-C3C1-423D-B42F-ADCF33F4DDC2}.Debug|x64.ActiveCfg = Debug|x64
		{6E7F69C2-C3C1-423D-B42F-ADCF33F4DDC2}.Debug|x64.Build.0 = Debug|x64
		{6E7F69C2-C3C1-423D-B42F-ADCF33F4DDC2}.Debug|x86.ActiveCfg = Debug|Win32
		{6E7F69C2-C3C1-423D-B42F-ADCF33F4DDC2}.Debug|x86.Build.0 = Debug|Win32
		{6E7F69C2-C3C1-423D-B42F-ADCF33F4DDC2}.Release|x64.ActiveCfg = Release|x64
		{6E7F69C2-C3C1-423D-B42F-ADCF33F4DDC2}.Release|x64.Build.0 = Release|x64
		{6E7F69C2-C3C1-423D-B42F-ADCF33F4DDC2}.Release|x86.ActiveCfg = Release|Win32
		{6E7F69C2-C3C1-423D-B42F-ADCF33F4DDC2}.Release|x86.Build.0 = Release|Win32
		{B73DF47B-4059-4366-875C-84EE45D106E3}.Debug|x64.ActiveCfg = Debug|x64
		{B73DF47B-4059-4366-875C-84EE45D106E3}.Debug|x64.Build.0 = Debug|x64
		{B73DF47B-4059-4366-875C-84EE45D106E3}.Debug|x86.ActiveCfg = Debug|Win32
		{B73DF47B-4059-4366-875C-84EE45D106E3}.Debug|x86.Build.0 = Debug|Win32
		{B73DF47B-4059-4366-875C-84EE45D106E3}.Release|x64.ActiveCfg = Release|x64
		{B73DF47B-4059-4366-875C-84EE45D106E3}.Release|x64.Build.0 = Release|x64
		{B73DF47B-4059-4366-875C-84EE45D106E3}.Release|x86.ActiveCfg = Release|Win32
		{B73DF47B-4059-4366-875C-84EE45D106E3}.Release|x86.Build.0 = Release|Win32
		{6CB7D7D9-F44D-4546-9B00-08A00D865085}.Debug|x64.ActiveCfg = Debug|x64
		{6CB7D7D9-F44D-4546-9B00-08A00D865085}.Debug|x64.Build.0 = Debug|x64
		{6CB7D7D9-F44D-4546-9B00-08A00D865085}.Debug|x86.ActiveCfg = Debug|Win32
		{6CB7D7D9-F44D-4546-9B00-08A00D865085}.Debug|x86.Build.0 = Debug|Win32
		{6CB7D7D9-F44D-4546-9B00-08A00D865085}.Release|x64.ActiveCfg = Release|x64
		{6CB7D7D9-F44D-4546-9B00-08A00D865085}.Release|x64.Build.0 = Release|x64
		{6CB7D7D9-F44D-4546-9B00-08A00D865085}.Release|x86.ActiveCfg = Release|Win32
		{6CB7D7D9-F44D-4546-9B00-08A00D865085}.Release|x86.Build.0 = Release|Win32
		{BC44ECB9-A2F5-41EC-9FA7-9CCADB5D9F9F}.Debug|x64.ActiveCfg = Debug|x64
		{BC44ECB9-A2F5-41EC-9FA7-9CCADB5D9F9F}.Debug|x64.Build.0 = Debug|x64
		{BC44ECB9-A2F5-41EC-9FA7-9CCADB5D9F9F}.Debug|x86.ActiveCfg = Debug|Win32
		{BC44ECB9-A2F5-41EC-9FA7-9CCADB5D9F9F}.Debug|x86.Build.0 = Debug|Win32
		{BC44ECB9-A2F5-41EC-9FA7-9CCADB5D9F9F}.Release|x64.ActiveCfg = Release|x64
		{BC44ECB9-A2F5-41EC-9FA7-9CCADB5D9F9F}.Release|x64.Build.0 = Release|x64
		{BC44ECB9-A2F5-41EC-9FA7-9CCADB5D9F9F}.Release|x86.ActiveCfg = Release|Win32
		{BC44ECB9-A2F5-41EC-9FA7-9CCADB5D9F9F}.Release|x86.Build.0 = Release|Win32
		{2BAA262F-10DF-439F-9758-7A024C5AA14E}.Debug|x64.ActiveCfg = Debug|x64
		{2BAA262F-10DF-439F-9758-7A024C5AA14E}.Debug|x64.Build.0 = Debug|x64
		{2BAA262F-10DF-439F-9758-7A024C5AA14E}.Debug|x86.ActiveCfg = Debug|Win32
		{2BAA262F-10DF-439F-9758-7A024C5AA14E}.Debug|x86.Build.0 = Debug|Win32
		{2BAA262F-10DF-439F-9758-7A024C5AA14E}.Release|x64.ActiveCfg = Release|x64
		{2BAA262F-10DF-439F-9758-7A024C5AA14E}.Release|x64.Build.0 = Release|x64
		{2BAA262F-10DF-439F-9758-7A024C5AA14E}.Release|x86.ActiveCfg = Release|Win32
		{2BAA262F-10DF-439F-9758-7A024C5AA14E}.Release|x86.Build.0 = Release|Win32
		{78B6228D-E398-4B29-A8F4-C6A727533E22}.Debug|x64.ActiveCfg = Debug|x64
		{78B6228D-E398-4B29-A8F4-C6A727533E22}.Debug|x64.Build.0 = Debug|x64
		{78B6228D-E398-4B29-A8F4-C6A727533E22}.Debug|x86.ActiveCfg = Debug|Win32
		{78B6228D-E398-4B29-A8F4-C6A727533E22}.Debug|x86.Build.0 = Debug|Win32
		{78B6228D-E398-4B29-A8F4-C6A727533E22}.Release|x64.ActiveCfg = Release|x64
		{78B6228D-E398-4B29-A8F4-C6A727533E22}.Release|x64.Build.0 = Release|x64
		{78B6228D-E398-4B29-A8F4-C6A727533E22}.Release|x86.ActiveCfg = Release|Win32
		{78B6228D-E398-4B29-A8F4-C6A727533E22}.Release|x86.Build.0 = Release|Win32
		{F238E5D5-1639-44FE-9C46-F754B4B0F6BD}.Debug|x64.ActiveCfg = Debug|x64
		{F238E5D5-1639-44FE-9C46-F754B4B0F6BD}.Debug|x64.Build.0 = Debug|x64
		{F238E5D5-1639-44FE-9C46-F754B4B0F6BD}.Debug|x86.ActiveCfg = Debug|Win32
		{F238E5D5-1639-44FE-9C46-F754B4B0F6BD}.Debug|x86.Build.0 = Debug|Win32
		{F238E5D5-1639-44FE-9C46-F754B4B0F6BD}.Release|x64.ActiveCfg = Release|x64
		{F238E5D5-1639-44FE-9C46-F754B4B0F6BD}.Release|x64.Build.0 = Release|x64
		{F238E5D5-1639-44FE-9C46-F754B4B0F6BD}.Release|x86.ActiveCfg = Release|Win32
		{F238E5D5-1639-44FE-9C46-F754B4B0F6BD}.Release|x86.Build.0 = Release|Win32
		{61E199A3-C663-4EE6-9738-DB003D1A77AC}.Debug|x64.ActiveCfg = Debug|x64
		{61E199A3-C663-4EE6-9738-DB003D1A77AC}.Debug|x64.Build.0 = Debug|x64
		{61E199A3-C663-4EE6-9738-DB003D1A77AC}.Debug|x86.ActiveCfg = Debug|Win32
		{61E199A3-C663-4EE6-9738-DB003D1A77AC}.Debug|x86.Build.0 = Debug|Win32
		{61E199A3-C663-4EE6-9738-DB003D1A77AC}.Release|x64.ActiveCfg = Release|x64
		{61E199A3-C663-4EE6-9738-DB003D1A77AC}.Release|x64.Build.0 = Release|x64
		{61E199A3-C663-4EE6-9738-DB003D1A77AC}.Release|x86.ActiveCfg = Release|Win32
		{61E199A3-C663-4EE6-9738-DB003D1A77AC}.Release|x86.Build.0 = Release|Win32
	EndGlobalSection
	GlobalSection(SolutionProperties) = preSolution
		HideSolutionNode = FALSE
	EndGlobalSection
	GlobalSection(ExtensibilityGlobals) = postSolution
		SolutionGuid = {EF979EB1-B461-4276-B441-7929FF6A3704}
	EndGlobalSection
EndGlobal
